// !$*UTF8*$!
{
	archiveVersion = 1;
	classes = {
	};
	objectVersion = 46;
	objects = {

/* Begin PBXBuildFile section */
		153207AFCBCB1BA766F75284 /* libPods.a in Frameworks */ = {isa = PBXBuildFile; fileRef = 8C4276BB286EF5BB5D475D56 /* libPods.a */; };
		73337F6D1A3A87020046D51B /* MovieDetailTableViewCell.m in Sources */ = {isa = PBXBuildFile; fileRef = 73337F6C1A3A87020046D51B /* MovieDetailTableViewCell.m */; };
		737EA2B81A39404A009A285E /* main.m in Sources */ = {isa = PBXBuildFile; fileRef = 737EA2B71A39404A009A285E /* main.m */; };
		737EA2BB1A39404A009A285E /* AppDelegate.m in Sources */ = {isa = PBXBuildFile; fileRef = 737EA2BA1A39404A009A285E /* AppDelegate.m */; };
		737EA2C11A39404A009A285E /* Main.storyboard in Resources */ = {isa = PBXBuildFile; fileRef = 737EA2BF1A39404A009A285E /* Main.storyboard */; };
		737EA2C31A39404A009A285E /* Images.xcassets in Resources */ = {isa = PBXBuildFile; fileRef = 737EA2C21A39404A009A285E /* Images.xcassets */; };
		737EA2C61A39404A009A285E /* LaunchScreen.xib in Resources */ = {isa = PBXBuildFile; fileRef = 737EA2C41A39404A009A285E /* LaunchScreen.xib */; };
		737EA2D21A39404A009A285E /* TopTomatoesTests.m in Sources */ = {isa = PBXBuildFile; fileRef = 737EA2D11A39404A009A285E /* TopTomatoesTests.m */; };
		737EA2DD1A3942F7009A285E /* MovieListViewController.m in Sources */ = {isa = PBXBuildFile; fileRef = 737EA2DC1A3942F7009A285E /* MovieListViewController.m */; };
		737EA2E01A39484A009A285E /* MovieTableViewCell.m in Sources */ = {isa = PBXBuildFile; fileRef = 737EA2DF1A39484A009A285E /* MovieTableViewCell.m */; };
		737EA2E31A39654A009A285E /* MovieDetailViewController.m in Sources */ = {isa = PBXBuildFile; fileRef = 737EA2E21A39654A009A285E /* MovieDetailViewController.m */; };
/* End PBXBuildFile section */

/* Begin PBXContainerItemProxy section */
		737EA2CC1A39404A009A285E /* PBXContainerItemProxy */ = {
			isa = PBXContainerItemProxy;
			containerPortal = 737EA2AA1A39404A009A285E /* Project object */;
			proxyType = 1;
			remoteGlobalIDString = 737EA2B11A39404A009A285E;
			remoteInfo = TopTomatoes;
		};
/* End PBXContainerItemProxy section */

/* Begin PBXFileReference section */
		73337F6B1A3A87020046D51B /* MovieDetailTableViewCell.h */ = {isa = PBXFileReference; fileEncoding = 4; lastKnownFileType = sourcecode.c.h; path = MovieDetailTableViewCell.h; sourceTree = "<group>"; };
		73337F6C1A3A87020046D51B /* MovieDetailTableViewCell.m */ = {isa = PBXFileReference; fileEncoding = 4; lastKnownFileType = sourcecode.c.objc; path = MovieDetailTableViewCell.m; sourceTree = "<group>"; };
		737EA2B21A39404A009A285E /* TopTomatoes.app */ = {isa = PBXFileReference; explicitFileType = wrapper.application; includeInIndex = 0; path = TopTomatoes.app; sourceTree = BUILT_PRODUCTS_DIR; };
		737EA2B61A39404A009A285E /* Info.plist */ = {isa = PBXFileReference; lastKnownFileType = text.plist.xml; path = Info.plist; sourceTree = "<group>"; };
		737EA2B71A39404A009A285E /* main.m */ = {isa = PBXFileReference; lastKnownFileType = sourcecode.c.objc; path = main.m; sourceTree = "<group>"; };
		737EA2B91A39404A009A285E /* AppDelegate.h */ = {isa = PBXFileReference; lastKnownFileType = sourcecode.c.h; path = AppDelegate.h; sourceTree = "<group>"; };
		737EA2BA1A39404A009A285E /* AppDelegate.m */ = {isa = PBXFileReference; lastKnownFileType = sourcecode.c.objc; path = AppDelegate.m; sourceTree = "<group>"; };
		737EA2C01A39404A009A285E /* Base */ = {isa = PBXFileReference; lastKnownFileType = file.storyboard; name = Base; path = Base.lproj/Main.storyboard; sourceTree = "<group>"; };
		737EA2C21A39404A009A285E /* Images.xcassets */ = {isa = PBXFileReference; lastKnownFileType = folder.assetcatalog; path = Images.xcassets; sourceTree = "<group>"; };
		737EA2C51A39404A009A285E /* Base */ = {isa = PBXFileReference; lastKnownFileType = file.xib; name = Base; path = Base.lproj/LaunchScreen.xib; sourceTree = "<group>"; };
		737EA2CB1A39404A009A285E /* TopTomatoesTests.xctest */ = {isa = PBXFileReference; explicitFileType = wrapper.cfbundle; includeInIndex = 0; path = TopTomatoesTests.xctest; sourceTree = BUILT_PRODUCTS_DIR; };
		737EA2D01A39404A009A285E /* Info.plist */ = {isa = PBXFileReference; lastKnownFileType = text.plist.xml; path = Info.plist; sourceTree = "<group>"; };
		737EA2D11A39404A009A285E /* TopTomatoesTests.m */ = {isa = PBXFileReference; lastKnownFileType = sourcecode.c.objc; path = TopTomatoesTests.m; sourceTree = "<group>"; };
		737EA2DB1A3942F7009A285E /* MovieListViewController.h */ = {isa = PBXFileReference; fileEncoding = 4; lastKnownFileType = sourcecode.c.h; path = MovieListViewController.h; sourceTree = "<group>"; };
		737EA2DC1A3942F7009A285E /* MovieListViewController.m */ = {isa = PBXFileReference; fileEncoding = 4; lastKnownFileType = sourcecode.c.objc; path = MovieListViewController.m; sourceTree = "<group>"; };
		737EA2DE1A39484A009A285E /* MovieTableViewCell.h */ = {isa = PBXFileReference; fileEncoding = 4; lastKnownFileType = sourcecode.c.h; path = MovieTableViewCell.h; sourceTree = "<group>"; };
		737EA2DF1A39484A009A285E /* MovieTableViewCell.m */ = {isa = PBXFileReference; fileEncoding = 4; lastKnownFileType = sourcecode.c.objc; path = MovieTableViewCell.m; sourceTree = "<group>"; };
		737EA2E11A39654A009A285E /* MovieDetailViewController.h */ = {isa = PBXFileReference; fileEncoding = 4; lastKnownFileType = sourcecode.c.h; path = MovieDetailViewController.h; sourceTree = "<group>"; };
		737EA2E21A39654A009A285E /* MovieDetailViewController.m */ = {isa = PBXFileReference; fileEncoding = 4; lastKnownFileType = sourcecode.c.objc; path = MovieDetailViewController.m; sourceTree = "<group>"; };
		81C5B41D7C076AF531643D06 /* Pods.release.xcconfig */ = {isa = PBXFileReference; includeInIndex = 1; lastKnownFileType = text.xcconfig; name = Pods.release.xcconfig; path = "Pods/Target Support Files/Pods/Pods.release.xcconfig"; sourceTree = "<group>"; };
		8C4276BB286EF5BB5D475D56 /* libPods.a */ = {isa = PBXFileReference; explicitFileType = archive.ar; includeInIndex = 0; path = libPods.a; sourceTree = BUILT_PRODUCTS_DIR; };
		CBA4C506FD61A2CBAAD2C690 /* Pods.debug.xcconfig */ = {isa = PBXFileReference; includeInIndex = 1; lastKnownFileType = text.xcconfig; name = Pods.debug.xcconfig; path = "Pods/Target Support Files/Pods/Pods.debug.xcconfig"; sourceTree = "<group>"; };
/* End PBXFileReference section */

/* Begin PBXFrameworksBuildPhase section */
		737EA2AF1A39404A009A285E /* Frameworks */ = {
			isa = PBXFrameworksBuildPhase;
			buildActionMask = 2147483647;
			files = (
				153207AFCBCB1BA766F75284 /* libPods.a in Frameworks */,
			);
			runOnlyForDeploymentPostprocessing = 0;
		};
		737EA2C81A39404A009A285E /* Frameworks */ = {
			isa = PBXFrameworksBuildPhase;
			buildActionMask = 2147483647;
			files = (
			);
			runOnlyForDeploymentPostprocessing = 0;
		};
/* End PBXFrameworksBuildPhase section */

/* Begin PBXGroup section */
		69FD22ECA892C9BB735A249A /* Frameworks */ = {
			isa = PBXGroup;
			children = (
				8C4276BB286EF5BB5D475D56 /* libPods.a */,
			);
			name = Frameworks;
			sourceTree = "<group>";
		};
		737EA2A91A39404A009A285E = {
			isa = PBXGroup;
			children = (
				737EA2B41A39404A009A285E /* TopTomatoes */,
				737EA2CE1A39404A009A285E /* TopTomatoesTests */,
				737EA2B31A39404A009A285E /* Products */,
				C8F1FD9870A9EED8C294BF0F /* Pods */,
				69FD22ECA892C9BB735A249A /* Frameworks */,
			);
			sourceTree = "<group>";
		};
		737EA2B31A39404A009A285E /* Products */ = {
			isa = PBXGroup;
			children = (
				737EA2B21A39404A009A285E /* TopTomatoes.app */,
				737EA2CB1A39404A009A285E /* TopTomatoesTests.xctest */,
			);
			name = Products;
			sourceTree = "<group>";
		};
		737EA2B41A39404A009A285E /* TopTomatoes */ = {
			isa = PBXGroup;
			children = (
				737EA2B91A39404A009A285E /* AppDelegate.h */,
				737EA2BA1A39404A009A285E /* AppDelegate.m */,
				737EA2DB1A3942F7009A285E /* MovieListViewController.h */,
				737EA2DC1A3942F7009A285E /* MovieListViewController.m */,
				737EA2DE1A39484A009A285E /* MovieTableViewCell.h */,
				737EA2DF1A39484A009A285E /* MovieTableViewCell.m */,
				737EA2E11A39654A009A285E /* MovieDetailViewController.h */,
				737EA2E21A39654A009A285E /* MovieDetailViewController.m */,
				73337F6B1A3A87020046D51B /* MovieDetailTableViewCell.h */,
				73337F6C1A3A87020046D51B /* MovieDetailTableViewCell.m */,
				737EA2BF1A39404A009A285E /* Main.storyboard */,
				737EA2C21A39404A009A285E /* Images.xcassets */,
				737EA2C41A39404A009A285E /* LaunchScreen.xib */,
				737EA2B51A39404A009A285E /* Supporting Files */,
			);
			path = TopTomatoes;
			sourceTree = "<group>";
		};
		737EA2B51A39404A009A285E /* Supporting Files */ = {
			isa = PBXGroup;
			children = (
				737EA2B61A39404A009A285E /* Info.plist */,
				737EA2B71A39404A009A285E /* main.m */,
			);
			name = "Supporting Files";
			sourceTree = "<group>";
		};
		737EA2CE1A39404A009A285E /* TopTomatoesTests */ = {
			isa = PBXGroup;
			children = (
				737EA2D11A39404A009A285E /* TopTomatoesTests.m */,
				737EA2CF1A39404A009A285E /* Supporting Files */,
			);
			path = TopTomatoesTests;
			sourceTree = "<group>";
		};
		737EA2CF1A39404A009A285E /* Supporting Files */ = {
			isa = PBXGroup;
			children = (
				737EA2D01A39404A009A285E /* Info.plist */,
			);
			name = "Supporting Files";
			sourceTree = "<group>";
		};
		C8F1FD9870A9EED8C294BF0F /* Pods */ = {
			isa = PBXGroup;
			children = (
				CBA4C506FD61A2CBAAD2C690 /* Pods.debug.xcconfig */,
				81C5B41D7C076AF531643D06 /* Pods.release.xcconfig */,
			);
			name = Pods;
			sourceTree = "<group>";
		};
/* End PBXGroup section */

/* Begin PBXNativeTarget section */
		737EA2B11A39404A009A285E /* TopTomatoes */ = {
			isa = PBXNativeTarget;
			buildConfigurationList = 737EA2D51A39404A009A285E /* Build configuration list for PBXNativeTarget "TopTomatoes" */;
			buildPhases = (
				6E7D0815EC75ACB7654C3D8C /* Check Pods Manifest.lock */,
				737EA2AE1A39404A009A285E /* Sources */,
				737EA2AF1A39404A009A285E /* Frameworks */,
				737EA2B01A39404A009A285E /* Resources */,
				A58042913CD2CD0300F3E20D /* Copy Pods Resources */,
			);
			buildRules = (
			);
			dependencies = (
			);
			name = TopTomatoes;
			productName = TopTomatoes;
			productReference = 737EA2B21A39404A009A285E /* TopTomatoes.app */;
			productType = "com.apple.product-type.application";
		};
		737EA2CA1A39404A009A285E /* TopTomatoesTests */ = {
			isa = PBXNativeTarget;
			buildConfigurationList = 737EA2D81A39404A009A285E /* Build configuration list for PBXNativeTarget "TopTomatoesTests" */;
			buildPhases = (
				737EA2C71A39404A009A285E /* Sources */,
				737EA2C81A39404A009A285E /* Frameworks */,
				737EA2C91A39404A009A285E /* Resources */,
			);
			buildRules = (
			);
			dependencies = (
				737EA2CD1A39404A009A285E /* PBXTargetDependency */,
			);
			name = TopTomatoesTests;
			productName = TopTomatoesTests;
			productReference = 737EA2CB1A39404A009A285E /* TopTomatoesTests.xctest */;
			productType = "com.apple.product-type.bundle.unit-test";
		};
/* End PBXNativeTarget section */

/* Begin PBXProject section */
		737EA2AA1A39404A009A285E /* Project object */ = {
			isa = PBXProject;
			attributes = {
				LastUpgradeCheck = 0610;
				ORGANIZATIONNAME = "Jeffrey Bergier";
				TargetAttributes = {
					737EA2B11A39404A009A285E = {
						CreatedOnToolsVersion = 6.1.1;
						DevelopmentTeam = V6ESYGU6CV;
					};
					737EA2CA1A39404A009A285E = {
						CreatedOnToolsVersion = 6.1.1;
						TestTargetID = 737EA2B11A39404A009A285E;
					};
				};
			};
			buildConfigurationList = 737EA2AD1A39404A009A285E /* Build configuration list for PBXProject "TopTomatoes" */;
			compatibilityVersion = "Xcode 3.2";
			developmentRegion = English;
			hasScannedForEncodings = 0;
			knownRegions = (
				en,
				Base,
			);
			mainGroup = 737EA2A91A39404A009A285E;
			productRefGroup = 737EA2B31A39404A009A285E /* Products */;
			projectDirPath = "";
			projectRoot = "";
			targets = (
				737EA2B11A39404A009A285E /* TopTomatoes */,
				737EA2CA1A39404A009A285E /* TopTomatoesTests */,
			);
		};
/* End PBXProject section */

/* Begin PBXResourcesBuildPhase section */
		737EA2B01A39404A009A285E /* Resources */ = {
			isa = PBXResourcesBuildPhase;
			buildActionMask = 2147483647;
			files = (
				737EA2C11A39404A009A285E /* Main.storyboard in Resources */,
				737EA2C61A39404A009A285E /* LaunchScreen.xib in Resources */,
				737EA2C31A39404A009A285E /* Images.xcassets in Resources */,
			);
			runOnlyForDeploymentPostprocessing = 0;
		};
		737EA2C91A39404A009A285E /* Resources */ = {
			isa = PBXResourcesBuildPhase;
			buildActionMask = 2147483647;
			files = (
			);
			runOnlyForDeploymentPostprocessing = 0;
		};
/* End PBXResourcesBuildPhase section */

/* Begin PBXShellScriptBuildPhase section */
		6E7D0815EC75ACB7654C3D8C /* Check Pods Manifest.lock */ = {
			isa = PBXShellScriptBuildPhase;
			buildActionMask = 2147483647;
			files = (
			);
			inputPaths = (
			);
			name = "Check Pods Manifest.lock";
			outputPaths = (
			);
			runOnlyForDeploymentPostprocessing = 0;
			shellPath = /bin/sh;
			shellScript = "diff \"${PODS_ROOT}/../Podfile.lock\" \"${PODS_ROOT}/Manifest.lock\" > /dev/null\nif [[ $? != 0 ]] ; then\n    cat << EOM\nerror: The sandbox is not in sync with the Podfile.lock. Run 'pod install' or update your CocoaPods installation.\nEOM\n    exit 1\nfi\n";
			showEnvVarsInLog = 0;
		};
		A58042913CD2CD0300F3E20D /* Copy Pods Resources */ = {
			isa = PBXShellScriptBuildPhase;
			buildActionMask = 2147483647;
			files = (
			);
			inputPaths = (
			);
			name = "Copy Pods Resources";
			outputPaths = (
			);
			runOnlyForDeploymentPostprocessing = 0;
			shellPath = /bin/sh;
			shellScript = "\"${SRCROOT}/Pods/Target Support Files/Pods/Pods-resources.sh\"\n";
			showEnvVarsInLog = 0;
		};
/* End PBXShellScriptBuildPhase section */

/* Begin PBXSourcesBuildPhase section */
		737EA2AE1A39404A009A285E /* Sources */ = {
			isa = PBXSourcesBuildPhase;
			buildActionMask = 2147483647;
			files = (
				737EA2BB1A39404A009A285E /* AppDelegate.m in Sources */,
				73337F6D1A3A87020046D51B /* MovieDetailTableViewCell.m in Sources */,
				737EA2DD1A3942F7009A285E /* MovieListViewController.m in Sources */,
				737EA2E31A39654A009A285E /* MovieDetailViewController.m in Sources */,
				737EA2E01A39484A009A285E /* MovieTableViewCell.m in Sources */,
				737EA2B81A39404A009A285E /* main.m in Sources */,
			);
			runOnlyForDeploymentPostprocessing = 0;
		};
		737EA2C71A39404A009A285E /* Sources */ = {
			isa = PBXSourcesBuildPhase;
			buildActionMask = 2147483647;
			files = (
				737EA2D21A39404A009A285E /* TopTomatoesTests.m in Sources */,
			);
			runOnlyForDeploymentPostprocessing = 0;
		};
/* End PBXSourcesBuildPhase section */

/* Begin PBXTargetDependency section */
		737EA2CD1A39404A009A285E /* PBXTargetDependency */ = {
			isa = PBXTargetDependency;
			target = 737EA2B11A39404A009A285E /* TopTomatoes */;
			targetProxy = 737EA2CC1A39404A009A285E /* PBXContainerItemProxy */;
		};
/* End PBXTargetDependency section */

/* Begin PBXVariantGroup section */
		737EA2BF1A39404A009A285E /* Main.storyboard */ = {
			isa = PBXVariantGroup;
			children = (
				737EA2C01A39404A009A285E /* Base */,
			);
			name = Main.storyboard;
			sourceTree = "<group>";
		};
		737EA2C41A39404A009A285E /* LaunchScreen.xib */ = {
			isa = PBXVariantGroup;
			children = (
				737EA2C51A39404A009A285E /* Base */,
			);
			name = LaunchScreen.xib;
			sourceTree = "<group>";
		};
/* End PBXVariantGroup section */

/* Begin XCBuildConfiguration section */
		737EA2D31A39404A009A285E /* Debug */ = {
			isa = XCBuildConfiguration;
			buildSettings = {
				ALWAYS_SEARCH_USER_PATHS = NO;
				CLANG_CXX_LANGUAGE_STANDARD = "gnu++0x";
				CLANG_CXX_LIBRARY = "libc++";
				CLANG_ENABLE_MODULES = YES;
				CLANG_ENABLE_OBJC_ARC = YES;
				CLANG_WARN_BOOL_CONVERSION = YES;
				CLANG_WARN_CONSTANT_CONVERSION = YES;
				CLANG_WARN_DIRECT_OBJC_ISA_USAGE = YES_ERROR;
				CLANG_WARN_EMPTY_BODY = YES;
				CLANG_WARN_ENUM_CONVERSION = YES;
				CLANG_WARN_INT_CONVERSION = YES;
				CLANG_WARN_OBJC_ROOT_CLASS = YES_ERROR;
				CLANG_WARN_UNREACHABLE_CODE = YES;
				CLANG_WARN__DUPLICATE_METHOD_MATCH = YES;
				"CODE_SIGN_IDENTITY[sdk=iphoneos*]" = "iPhone Developer";
				COPY_PHASE_STRIP = NO;
				ENABLE_STRICT_OBJC_MSGSEND = YES;
				GCC_C_LANGUAGE_STANDARD = gnu99;
				GCC_DYNAMIC_NO_PIC = NO;
				GCC_OPTIMIZATION_LEVEL = 0;
				GCC_PREPROCESSOR_DEFINITIONS = (
					"DEBUG=1",
					"$(inherited)",
				);
				GCC_SYMBOLS_PRIVATE_EXTERN = NO;
				GCC_WARN_64_TO_32_BIT_CONVERSION = YES;
				GCC_WARN_ABOUT_RETURN_TYPE = YES_ERROR;
				GCC_WARN_UNDECLARED_SELECTOR = YES;
				GCC_WARN_UNINITIALIZED_AUTOS = YES_AGGRESSIVE;
				GCC_WARN_UNUSED_FUNCTION = YES;
				GCC_WARN_UNUSED_VARIABLE = YES;
				IPHONEOS_DEPLOYMENT_TARGET = 8.1;
				MTL_ENABLE_DEBUG_INFO = YES;
				ONLY_ACTIVE_ARCH = YES;
				SDKROOT = iphoneos;
				TARGETED_DEVICE_FAMILY = "1,2";
			};
			name = Debug;
		};
		737EA2D41A39404A009A285E /* Release */ = {
			isa = XCBuildConfiguration;
			buildSettings = {
				ALWAYS_SEARCH_USER_PATHS = NO;
				CLANG_CXX_LANGUAGE_STANDARD = "gnu++0x";
				CLANG_CXX_LIBRARY = "libc++";
				CLANG_ENABLE_MODULES = YES;
				CLANG_ENABLE_OBJC_ARC = YES;
				CLANG_WARN_BOOL_CONVERSION = YES;
				CLANG_WARN_CONSTANT_CONVERSION = YES;
				CLANG_WARN_DIRECT_OBJC_ISA_USAGE = YES_ERROR;
				CLANG_WARN_EMPTY_BODY = YES;
				CLANG_WARN_ENUM_CONVERSION = YES;
				CLANG_WARN_INT_CONVERSION = YES;
				CLANG_WARN_OBJC_ROOT_CLASS = YES_ERROR;
				CLANG_WARN_UNREACHABLE_CODE = YES;
				CLANG_WARN__DUPLICATE_METHOD_MATCH = YES;
				"CODE_SIGN_IDENTITY[sdk=iphoneos*]" = "iPhone Developer";
				COPY_PHASE_STRIP = YES;
				ENABLE_NS_ASSERTIONS = NO;
				ENABLE_STRICT_OBJC_MSGSEND = YES;
				GCC_C_LANGUAGE_STANDARD = gnu99;
				GCC_WARN_64_TO_32_BIT_CONVERSION = YES;
				GCC_WARN_ABOUT_RETURN_TYPE = YES_ERROR;
				GCC_WARN_UNDECLARED_SELECTOR = YES;
				GCC_WARN_UNINITIALIZED_AUTOS = YES_AGGRESSIVE;
				GCC_WARN_UNUSED_FUNCTION = YES;
				GCC_WARN_UNUSED_VARIABLE = YES;
				IPHONEOS_DEPLOYMENT_TARGET = 8.1;
				MTL_ENABLE_DEBUG_INFO = NO;
				SDKROOT = iphoneos;
				TARGETED_DEVICE_FAMILY = "1,2";
				VALIDATE_PRODUCT = YES;
			};
			name = Release;
		};
		737EA2D61A39404A009A285E /* Debug */ = {
			isa = XCBuildConfiguration;
			baseConfigurationReference = CBA4C506FD61A2CBAAD2C690 /* Pods.debug.xcconfig */;
			buildSettings = {
				ASSETCATALOG_COMPILER_APPICON_NAME = AppIcon;
				CODE_SIGN_IDENTITY = "iPhone Developer";
				INFOPLIST_FILE = TopTomatoes/Info.plist;
				IPHONEOS_DEPLOYMENT_TARGET = 8.0;
				LD_RUNPATH_SEARCH_PATHS = "$(inherited) @executable_path/Frameworks";
				PRODUCT_NAME = "$(TARGET_NAME)";
			};
			name = Debug;
		};
		737EA2D71A39404A009A285E /* Release */ = {
			isa = XCBuildConfiguration;
			baseConfigurationReference = 81C5B41D7C076AF531643D06 /* Pods.release.xcconfig */;
			buildSettings = {
				ASSETCATALOG_COMPILER_APPICON_NAME = AppIcon;
				CODE_SIGN_IDENTITY = "iPhone Developer";
				INFOPLIST_FILE = TopTomatoes/Info.plist;
				IPHONEOS_DEPLOYMENT_TARGET = 8.0;
				LD_RUNPATH_SEARCH_PATHS = "$(inherited) @executable_path/Frameworks";
				PRODUCT_NAME = "$(TARGET_NAME)";
			};
			name = Release;
		};
		737EA2D91A39404A009A285E /* Debug */ = {
			isa = XCBuildConfiguration;
			buildSettings = {
				BUNDLE_LOADER = "$(TEST_HOST)";
				FRAMEWORK_SEARCH_PATHS = (
					"$(SDKROOT)/Developer/Library/Frameworks",
					"$(inherited)",
				);
				GCC_PREPROCESSOR_DEFINITIONS = (
					"DEBUG=1",
					"$(inherited)",
				);
				INFOPLIST_FILE = TopTomatoesTests/Info.plist;
				LD_RUNPATH_SEARCH_PATHS = "$(inherited) @executable_path/Frameworks @loader_path/Frameworks";
				PRODUCT_NAME = "$(TARGET_NAME)";
				TEST_HOST = "$(BUILT_PRODUCTS_DIR)/TopTomatoes.app/TopTomatoes";
			};
			name = Debug;
		};
		737EA2DA1A39404A009A285E /* Release */ = {
			isa = XCBuildConfiguration;
			buildSettings = {
				BUNDLE_LOADER = "$(TEST_HOST)";
				FRAMEWORK_SEARCH_PATHS = (
					"$(SDKROOT)/Developer/Library/Frameworks",
					"$(inherited)",
				);
				INFOPLIST_FILE = TopTomatoesTests/Info.plist;
				LD_RUNPATH_SEARCH_PATHS = "$(inherited) @executable_path/Frameworks @loader_path/Frameworks";
				PRODUCT_NAME = "$(TARGET_NAME)";
				TEST_HOST = "$(BUILT_PRODUCTS_DIR)/TopTomatoes.app/TopTomatoes";
			};
			name = Release;
		};
/* End XCBuildConfiguration section */

/* Begin XCConfigurationList section */
		737EA2AD1A39404A009A285E /* Build configuration list for PBXProject "TopTomatoes" */ = {
			isa = XCConfigurationList;
			buildConfigurations = (
				737EA2D31A39404A009A285E /* Debug */,
				737EA2D41A39404A009A285E /* Release */,
			);
			defaultConfigurationIsVisible = 0;
			defaultConfigurationName = Release;
		};
		737EA2D51A39404A009A285E /* Build configuration list for PBXNativeTarget "TopTomatoes" */ = {
			isa = XCConfigurationList;
			buildConfigurations = (
				737EA2D61A39404A009A285E /* Debug */,
				737EA2D71A39404A009A285E /* Release */,
			);
			defaultConfigurationIsVisible = 0;
			defaultConfigurationName = Release;
		};
		737EA2D81A39404A009A285E /* Build configuration list for PBXNativeTarget "TopTomatoesTests" */ = {
			isa = XCConfigurationList;
			buildConfigurations = (
				737EA2D91A39404A009A285E /* Debug */,
				737EA2DA1A39404A009A285E /* Release */,
			);
			defaultConfigurationIsVisible = 0;
			defaultConfigurationName = Release;
		};
/* End XCConfigurationList section */
	};
	rootObject = 737EA2AA1A39404A009A285E /* Project object */;
}
