// !$*UTF8*$!
{
	archiveVersion = 1;
	classes = {
	};
	objectVersion = 46;
	objects = {

/* Begin PBXBuildFile section */
		7382CF7D1BC89F0A00095B8A /* LaunchScreen.storyboard in Resources */ = {isa = PBXBuildFile; fileRef = 7382CF7B1BC89F0A00095B8A /* LaunchScreen.storyboard */; };
		73C17D981BC8A9BC00070598 /* AppDelegate.swift in Sources */ = {isa = PBXBuildFile; fileRef = 73C17D931BC8A9BC00070598 /* AppDelegate.swift */; };
		73C17D991BC8A9BC00070598 /* AppDelegate.swift in Sources */ = {isa = PBXBuildFile; fileRef = 73C17D931BC8A9BC00070598 /* AppDelegate.swift */; };
		73C17D9A1BC8A9BC00070598 /* Downloader.swift in Sources */ = {isa = PBXBuildFile; fileRef = 73C17D941BC8A9BC00070598 /* Downloader.swift */; };
		73C17D9B1BC8A9BC00070598 /* Downloader.swift in Sources */ = {isa = PBXBuildFile; fileRef = 73C17D941BC8A9BC00070598 /* Downloader.swift */; };
		73C17D9C1BC8A9BC00070598 /* Movie.swift in Sources */ = {isa = PBXBuildFile; fileRef = 73C17D951BC8A9BC00070598 /* Movie.swift */; };
		73C17D9D1BC8A9BC00070598 /* Movie.swift in Sources */ = {isa = PBXBuildFile; fileRef = 73C17D951BC8A9BC00070598 /* Movie.swift */; };
		73C17D9E1BC8A9BC00070598 /* MovieListTableViewController.swift in Sources */ = {isa = PBXBuildFile; fileRef = 73C17D961BC8A9BC00070598 /* MovieListTableViewController.swift */; };
		73C17D9F1BC8A9BC00070598 /* MovieListTableViewController.swift in Sources */ = {isa = PBXBuildFile; fileRef = 73C17D961BC8A9BC00070598 /* MovieListTableViewController.swift */; };
		73C17DA01BC8A9BC00070598 /* MovieTableViewCell.swift in Sources */ = {isa = PBXBuildFile; fileRef = 73C17D971BC8A9BC00070598 /* MovieTableViewCell.swift */; };
		73C17DA11BC8A9BC00070598 /* MovieTableViewCell.swift in Sources */ = {isa = PBXBuildFile; fileRef = 73C17D971BC8A9BC00070598 /* MovieTableViewCell.swift */; };
		73C17DAE1BC8AB1E00070598 /* MovieTableViewCell.xib in Resources */ = {isa = PBXBuildFile; fileRef = 73C17DAC1BC8AB1400070598 /* MovieTableViewCell.xib */; };
		73C17DB01BC8AB2800070598 /* MovieTableViewCell.xib in Resources */ = {isa = PBXBuildFile; fileRef = 73C17DAF1BC8AB2800070598 /* MovieTableViewCell.xib */; };
		73C17DB21BC8AB4100070598 /* Images_iOS.xcassets in Resources */ = {isa = PBXBuildFile; fileRef = 73C17DB11BC8AB4100070598 /* Images_iOS.xcassets */; };
		73C17DB41BC8AB5700070598 /* Images_tvOS.xcassets in Resources */ = {isa = PBXBuildFile; fileRef = 73C17DB31BC8AB5700070598 /* Images_tvOS.xcassets */; };
/* End PBXBuildFile section */

/* Begin PBXFileReference section */
		7382CF6F1BC89F0A00095B8A /* oscarTV.app */ = {isa = PBXFileReference; explicitFileType = wrapper.application; includeInIndex = 0; path = oscarTV.app; sourceTree = BUILT_PRODUCTS_DIR; };
		7382CF7C1BC89F0A00095B8A /* Base */ = {isa = PBXFileReference; lastKnownFileType = file.storyboard; name = Base; path = Base.lproj/LaunchScreen.storyboard; sourceTree = "<group>"; };
		7382CF7E1BC89F0A00095B8A /* Info.plist */ = {isa = PBXFileReference; lastKnownFileType = text.plist.xml; path = Info.plist; sourceTree = "<group>"; };
		73C17D721BC89FF200070598 /* oscarTV_tvOS.app */ = {isa = PBXFileReference; explicitFileType = wrapper.application; includeInIndex = 0; path = oscarTV_tvOS.app; sourceTree = BUILT_PRODUCTS_DIR; };
		73C17D7D1BC89FF200070598 /* Info.plist */ = {isa = PBXFileReference; lastKnownFileType = text.plist.xml; path = Info.plist; sourceTree = "<group>"; };
		73C17D931BC8A9BC00070598 /* AppDelegate.swift */ = {isa = PBXFileReference; fileEncoding = 4; lastKnownFileType = sourcecode.swift; name = AppDelegate.swift; path = CommonFiles/AppDelegate.swift; sourceTree = "<group>"; };
		73C17D941BC8A9BC00070598 /* Downloader.swift */ = {isa = PBXFileReference; fileEncoding = 4; lastKnownFileType = sourcecode.swift; name = Downloader.swift; path = CommonFiles/Downloader.swift; sourceTree = "<group>"; };
		73C17D951BC8A9BC00070598 /* Movie.swift */ = {isa = PBXFileReference; fileEncoding = 4; lastKnownFileType = sourcecode.swift; name = Movie.swift; path = CommonFiles/Movie.swift; sourceTree = "<group>"; };
		73C17D961BC8A9BC00070598 /* MovieListTableViewController.swift */ = {isa = PBXFileReference; fileEncoding = 4; lastKnownFileType = sourcecode.swift; name = MovieListTableViewController.swift; path = CommonFiles/MovieListTableViewController.swift; sourceTree = "<group>"; };
		73C17D971BC8A9BC00070598 /* MovieTableViewCell.swift */ = {isa = PBXFileReference; fileEncoding = 4; lastKnownFileType = sourcecode.swift; name = MovieTableViewCell.swift; path = CommonFiles/MovieTableViewCell.swift; sourceTree = "<group>"; };
		73C17DAC1BC8AB1400070598 /* MovieTableViewCell.xib */ = {isa = PBXFileReference; fileEncoding = 4; lastKnownFileType = file.xib; name = MovieTableViewCell.xib; path = oscarTV_tvOS/MovieTableViewCell.xib; sourceTree = SOURCE_ROOT; };
		73C17DAF1BC8AB2800070598 /* MovieTableViewCell.xib */ = {isa = PBXFileReference; fileEncoding = 4; lastKnownFileType = file.xib; path = MovieTableViewCell.xib; sourceTree = "<group>"; };
		73C17DB11BC8AB4100070598 /* Images_iOS.xcassets */ = {isa = PBXFileReference; lastKnownFileType = folder.assetcatalog; path = Images_iOS.xcassets; sourceTree = "<group>"; };
		73C17DB31BC8AB5700070598 /* Images_tvOS.xcassets */ = {isa = PBXFileReference; lastKnownFileType = folder.assetcatalog; path = Images_tvOS.xcassets; sourceTree = "<group>"; };
/* End PBXFileReference section */

/* Begin PBXFrameworksBuildPhase section */
		7382CF6C1BC89F0A00095B8A /* Frameworks */ = {
			isa = PBXFrameworksBuildPhase;
			buildActionMask = 2147483647;
			files = (
			);
			runOnlyForDeploymentPostprocessing = 0;
		};
		73C17D6F1BC89FF200070598 /* Frameworks */ = {
			isa = PBXFrameworksBuildPhase;
			buildActionMask = 2147483647;
			files = (
			);
			runOnlyForDeploymentPostprocessing = 0;
		};
/* End PBXFrameworksBuildPhase section */

/* Begin PBXGroup section */
		7382CF661BC89F0A00095B8A = {
			isa = PBXGroup;
			children = (
				73C17D921BC8A9AA00070598 /* CommonFiles */,
				7382CF711BC89F0A00095B8A /* oscarTV */,
				73C17D731BC89FF200070598 /* oscarTV_tvOS */,
				7382CF701BC89F0A00095B8A /* Products */,
			);
			sourceTree = "<group>";
		};
		7382CF701BC89F0A00095B8A /* Products */ = {
			isa = PBXGroup;
			children = (
				7382CF6F1BC89F0A00095B8A /* oscarTV.app */,
				73C17D721BC89FF200070598 /* oscarTV_tvOS.app */,
			);
			name = Products;
			sourceTree = "<group>";
		};
		7382CF711BC89F0A00095B8A /* oscarTV */ = {
			isa = PBXGroup;
			children = (
				73C17DAF1BC8AB2800070598 /* MovieTableViewCell.xib */,
				7382CF7B1BC89F0A00095B8A /* LaunchScreen.storyboard */,
				7382CF7E1BC89F0A00095B8A /* Info.plist */,
				73C17DB11BC8AB4100070598 /* Images_iOS.xcassets */,
			);
			path = oscarTV;
			sourceTree = "<group>";
		};
		73C17D731BC89FF200070598 /* oscarTV_tvOS */ = {
			isa = PBXGroup;
			children = (
				73C17DAC1BC8AB1400070598 /* MovieTableViewCell.xib */,
				73C17D7D1BC89FF200070598 /* Info.plist */,
				73C17DB31BC8AB5700070598 /* Images_tvOS.xcassets */,
			);
			path = oscarTV_tvOS;
			sourceTree = "<group>";
		};
		73C17D921BC8A9AA00070598 /* CommonFiles */ = {
			isa = PBXGroup;
			children = (
				73C17D931BC8A9BC00070598 /* AppDelegate.swift */,
				73C17D941BC8A9BC00070598 /* Downloader.swift */,
				73C17D951BC8A9BC00070598 /* Movie.swift */,
				73C17D961BC8A9BC00070598 /* MovieListTableViewController.swift */,
				73C17D971BC8A9BC00070598 /* MovieTableViewCell.swift */,
			);
			name = CommonFiles;
			sourceTree = "<group>";
		};
/* End PBXGroup section */

/* Begin PBXNativeTarget section */
		7382CF6E1BC89F0A00095B8A /* oscarTV */ = {
			isa = PBXNativeTarget;
			buildConfigurationList = 7382CF811BC89F0A00095B8A /* Build configuration list for PBXNativeTarget "oscarTV" */;
			buildPhases = (
				7382CF6B1BC89F0A00095B8A /* Sources */,
				7382CF6C1BC89F0A00095B8A /* Frameworks */,
				7382CF6D1BC89F0A00095B8A /* Resources */,
			);
			buildRules = (
			);
			dependencies = (
			);
			name = oscarTV;
			productName = oscarTV;
			productReference = 7382CF6F1BC89F0A00095B8A /* oscarTV.app */;
			productType = "com.apple.product-type.application";
		};
		73C17D711BC89FF200070598 /* oscarTV_tvOS */ = {
			isa = PBXNativeTarget;
			buildConfigurationList = 73C17D801BC89FF200070598 /* Build configuration list for PBXNativeTarget "oscarTV_tvOS" */;
			buildPhases = (
				73C17D6E1BC89FF200070598 /* Sources */,
				73C17D6F1BC89FF200070598 /* Frameworks */,
				73C17D701BC89FF200070598 /* Resources */,
			);
			buildRules = (
			);
			dependencies = (
			);
			name = oscarTV_tvOS;
			productName = oscarTV_tvOS;
			productReference = 73C17D721BC89FF200070598 /* oscarTV_tvOS.app */;
			productType = "com.apple.product-type.application";
		};
/* End PBXNativeTarget section */

/* Begin PBXProject section */
		7382CF671BC89F0A00095B8A /* Project object */ = {
			isa = PBXProject;
			attributes = {
				LastUpgradeCheck = 0710;
				ORGANIZATIONNAME = "Saturday Apps";
				TargetAttributes = {
					7382CF6E1BC89F0A00095B8A = {
						CreatedOnToolsVersion = 7.1;
						DevelopmentTeam = V6ESYGU6CV;
					};
					73C17D711BC89FF200070598 = {
						CreatedOnToolsVersion = 7.1;
						DevelopmentTeam = V6ESYGU6CV;
					};
				};
			};
			buildConfigurationList = 7382CF6A1BC89F0A00095B8A /* Build configuration list for PBXProject "oscarTV" */;
			compatibilityVersion = "Xcode 3.2";
			developmentRegion = English;
			hasScannedForEncodings = 0;
			knownRegions = (
				en,
				Base,
			);
			mainGroup = 7382CF661BC89F0A00095B8A;
			productRefGroup = 7382CF701BC89F0A00095B8A /* Products */;
			projectDirPath = "";
			projectRoot = "";
			targets = (
				7382CF6E1BC89F0A00095B8A /* oscarTV */,
				73C17D711BC89FF200070598 /* oscarTV_tvOS */,
			);
		};
/* End PBXProject section */

/* Begin PBXResourcesBuildPhase section */
		7382CF6D1BC89F0A00095B8A /* Resources */ = {
			isa = PBXResourcesBuildPhase;
			buildActionMask = 2147483647;
			files = (
				73C17DB21BC8AB4100070598 /* Images_iOS.xcassets in Resources */,
				73C17DB01BC8AB2800070598 /* MovieTableViewCell.xib in Resources */,
				7382CF7D1BC89F0A00095B8A /* LaunchScreen.storyboard in Resources */,
			);
			runOnlyForDeploymentPostprocessing = 0;
		};
		73C17D701BC89FF200070598 /* Resources */ = {
			isa = PBXResourcesBuildPhase;
			buildActionMask = 2147483647;
			files = (
				73C17DAE1BC8AB1E00070598 /* MovieTableViewCell.xib in Resources */,
				73C17DB41BC8AB5700070598 /* Images_tvOS.xcassets in Resources */,
			);
			runOnlyForDeploymentPostprocessing = 0;
		};
/* End PBXResourcesBuildPhase section */

/* Begin PBXSourcesBuildPhase section */
		7382CF6B1BC89F0A00095B8A /* Sources */ = {
			isa = PBXSourcesBuildPhase;
			buildActionMask = 2147483647;
			files = (
				73C17DA01BC8A9BC00070598 /* MovieTableViewCell.swift in Sources */,
				73C17D9E1BC8A9BC00070598 /* MovieListTableViewController.swift in Sources */,
				73C17D9A1BC8A9BC00070598 /* Downloader.swift in Sources */,
				73C17D981BC8A9BC00070598 /* AppDelegate.swift in Sources */,
				73C17D9C1BC8A9BC00070598 /* Movie.swift in Sources */,
			);
			runOnlyForDeploymentPostprocessing = 0;
		};
		73C17D6E1BC89FF200070598 /* Sources */ = {
			isa = PBXSourcesBuildPhase;
			buildActionMask = 2147483647;
			files = (
				73C17DA11BC8A9BC00070598 /* MovieTableViewCell.swift in Sources */,
				73C17D9F1BC8A9BC00070598 /* MovieListTableViewController.swift in Sources */,
				73C17D9B1BC8A9BC00070598 /* Downloader.swift in Sources */,
				73C17D991BC8A9BC00070598 /* AppDelegate.swift in Sources */,
				73C17D9D1BC8A9BC00070598 /* Movie.swift in Sources */,
			);
			runOnlyForDeploymentPostprocessing = 0;
		};
/* End PBXSourcesBuildPhase section */

/* Begin PBXVariantGroup section */
		7382CF7B1BC89F0A00095B8A /* LaunchScreen.storyboard */ = {
			isa = PBXVariantGroup;
			children = (
				7382CF7C1BC89F0A00095B8A /* Base */,
			);
			name = LaunchScreen.storyboard;
			sourceTree = "<group>";
		};
/* End PBXVariantGroup section */

/* Begin XCBuildConfiguration section */
		7382CF7F1BC89F0A00095B8A /* Debug */ = {
			isa = XCBuildConfiguration;
			buildSettings = {
				ALWAYS_SEARCH_USER_PATHS = NO;
				CLANG_CXX_LANGUAGE_STANDARD = "gnu++0x";
				CLANG_CXX_LIBRARY = "libc++";
				CLANG_ENABLE_MODULES = YES;
				CLANG_ENABLE_OBJC_ARC = YES;
				CLANG_WARN_BOOL_CONVERSION = YES;
				CLANG_WARN_CONSTANT_CONVERSION = YES;
				CLANG_WARN_DIRECT_OBJC_ISA_USAGE = YES_ERROR;
				CLANG_WARN_EMPTY_BODY = YES;
				CLANG_WARN_ENUM_CONVERSION = YES;
				CLANG_WARN_INT_CONVERSION = YES;
				CLANG_WARN_OBJC_ROOT_CLASS = YES_ERROR;
				CLANG_WARN_UNREACHABLE_CODE = YES;
				CLANG_WARN__DUPLICATE_METHOD_MATCH = YES;
				"CODE_SIGN_IDENTITY[sdk=iphoneos*]" = "iPhone Developer";
				COPY_PHASE_STRIP = NO;
				DEBUG_INFORMATION_FORMAT = dwarf;
				ENABLE_STRICT_OBJC_MSGSEND = YES;
				ENABLE_TESTABILITY = YES;
				GCC_C_LANGUAGE_STANDARD = gnu99;
				GCC_DYNAMIC_NO_PIC = NO;
				GCC_NO_COMMON_BLOCKS = YES;
				GCC_OPTIMIZATION_LEVEL = 0;
				GCC_PREPROCESSOR_DEFINITIONS = (
					"DEBUG=1",
					"$(inherited)",
				);
				GCC_WARN_64_TO_32_BIT_CONVERSION = YES;
				GCC_WARN_ABOUT_RETURN_TYPE = YES_ERROR;
				GCC_WARN_UNDECLARED_SELECTOR = YES;
				GCC_WARN_UNINITIALIZED_AUTOS = YES_AGGRESSIVE;
				GCC_WARN_UNUSED_FUNCTION = YES;
				GCC_WARN_UNUSED_VARIABLE = YES;
				IPHONEOS_DEPLOYMENT_TARGET = 9.1;
				MTL_ENABLE_DEBUG_INFO = YES;
				ONLY_ACTIVE_ARCH = YES;
				SDKROOT = iphoneos;
				SWIFT_OPTIMIZATION_LEVEL = "-Onone";
				TARGETED_DEVICE_FAMILY = "1,2";
			};
			name = Debug;
		};
		7382CF801BC89F0A00095B8A /* Release */ = {
			isa = XCBuildConfiguration;
			buildSettings = {
				ALWAYS_SEARCH_USER_PATHS = NO;
				CLANG_CXX_LANGUAGE_STANDARD = "gnu++0x";
				CLANG_CXX_LIBRARY = "libc++";
				CLANG_ENABLE_MODULES = YES;
				CLANG_ENABLE_OBJC_ARC = YES;
				CLANG_WARN_BOOL_CONVERSION = YES;
				CLANG_WARN_CONSTANT_CONVERSION = YES;
				CLANG_WARN_DIRECT_OBJC_ISA_USAGE = YES_ERROR;
				CLANG_WARN_EMPTY_BODY = YES;
				CLANG_WARN_ENUM_CONVERSION = YES;
				CLANG_WARN_INT_CONVERSION = YES;
				CLANG_WARN_OBJC_ROOT_CLASS = YES_ERROR;
				CLANG_WARN_UNREACHABLE_CODE = YES;
				CLANG_WARN__DUPLICATE_METHOD_MATCH = YES;
				"CODE_SIGN_IDENTITY[sdk=iphoneos*]" = "iPhone Developer";
				COPY_PHASE_STRIP = NO;
				DEBUG_INFORMATION_FORMAT = "dwarf-with-dsym";
				ENABLE_NS_ASSERTIONS = NO;
				ENABLE_STRICT_OBJC_MSGSEND = YES;
				GCC_C_LANGUAGE_STANDARD = gnu99;
				GCC_NO_COMMON_BLOCKS = YES;
				GCC_WARN_64_TO_32_BIT_CONVERSION = YES;
				GCC_WARN_ABOUT_RETURN_TYPE = YES_ERROR;
				GCC_WARN_UNDECLARED_SELECTOR = YES;
				GCC_WARN_UNINITIALIZED_AUTOS = YES_AGGRESSIVE;
				GCC_WARN_UNUSED_FUNCTION = YES;
				GCC_WARN_UNUSED_VARIABLE = YES;
				IPHONEOS_DEPLOYMENT_TARGET = 9.1;
				MTL_ENABLE_DEBUG_INFO = NO;
				SDKROOT = iphoneos;
				TARGETED_DEVICE_FAMILY = "1,2";
				VALIDATE_PRODUCT = YES;
			};
			name = Release;
		};
		7382CF821BC89F0A00095B8A /* Debug */ = {
			isa = XCBuildConfiguration;
			buildSettings = {
				ASSETCATALOG_COMPILER_APPICON_NAME = AppIcon;
				CLANG_ENABLE_MODULES = YES;
				CODE_SIGN_IDENTITY = "iPhone Developer";
				INFOPLIST_FILE = oscarTV/Info.plist;
				IPHONEOS_DEPLOYMENT_TARGET = 9.0;
				LD_RUNPATH_SEARCH_PATHS = "$(inherited) @executable_path/Frameworks";
				PRODUCT_BUNDLE_IDENTIFIER = com.saturdayapps.oscarTV;
				PRODUCT_NAME = "$(TARGET_NAME)";
				SWIFT_OPTIMIZATION_LEVEL = "-Onone";
			};
			name = Debug;
		};
		7382CF831BC89F0A00095B8A /* Release */ = {
			isa = XCBuildConfiguration;
			buildSettings = {
				ASSETCATALOG_COMPILER_APPICON_NAME = AppIcon;
				CLANG_ENABLE_MODULES = YES;
				CODE_SIGN_IDENTITY = "iPhone Developer";
				INFOPLIST_FILE = oscarTV/Info.plist;
				IPHONEOS_DEPLOYMENT_TARGET = 9.0;
				LD_RUNPATH_SEARCH_PATHS = "$(inherited) @executable_path/Frameworks";
				PRODUCT_BUNDLE_IDENTIFIER = com.saturdayapps.oscarTV;
				PRODUCT_NAME = "$(TARGET_NAME)";
			};
			name = Release;
		};
		73C17D7E1BC89FF200070598 /* Debug */ = {
			isa = XCBuildConfiguration;
			buildSettings = {
				ASSETCATALOG_COMPILER_APPICON_NAME = "Brand Assets";
				ASSETCATALOG_COMPILER_LAUNCHIMAGE_NAME = BrandAsset;
				CLANG_ENABLE_MODULES = YES;
				CODE_SIGN_IDENTITY = "iPhone Developer";
				INFOPLIST_FILE = oscarTV_tvOS/Info.plist;
				LD_RUNPATH_SEARCH_PATHS = "$(inherited) @executable_path/Frameworks";
				PRODUCT_BUNDLE_IDENTIFIER = "com.saturdayapps.oscarTV-tvOS";
				PRODUCT_NAME = "$(TARGET_NAME)";
				SDKROOT = appletvos;
				SWIFT_OPTIMIZATION_LEVEL = "-Onone";
				TARGETED_DEVICE_FAMILY = 3;
				TVOS_DEPLOYMENT_TARGET = 9.0;
			};
			name = Debug;
		};
		73C17D7F1BC89FF200070598 /* Release */ = {
			isa = XCBuildConfiguration;
			buildSettings = {
				ASSETCATALOG_COMPILER_APPICON_NAME = "Brand Assets";
				ASSETCATALOG_COMPILER_LAUNCHIMAGE_NAME = BrandAsset;
				CLANG_ENABLE_MODULES = YES;
				CODE_SIGN_IDENTITY = "iPhone Developer";
				INFOPLIST_FILE = oscarTV_tvOS/Info.plist;
				LD_RUNPATH_SEARCH_PATHS = "$(inherited) @executable_path/Frameworks";
				PRODUCT_BUNDLE_IDENTIFIER = "com.saturdayapps.oscarTV-tvOS";
				PRODUCT_NAME = "$(TARGET_NAME)";
				SDKROOT = appletvos;
				TARGETED_DEVICE_FAMILY = 3;
				TVOS_DEPLOYMENT_TARGET = 9.0;
			};
			name = Release;
		};
/* End XCBuildConfiguration section */

/* Begin XCConfigurationList section */
		7382CF6A1BC89F0A00095B8A /* Build configuration list for PBXProject "oscarTV" */ = {
			isa = XCConfigurationList;
			buildConfigurations = (
				7382CF7F1BC89F0A00095B8A /* Debug */,
				7382CF801BC89F0A00095B8A /* Release */,
			);
			defaultConfigurationIsVisible = 0;
			defaultConfigurationName = Release;
		};
		7382CF811BC89F0A00095B8A /* Build configuration list for PBXNativeTarget "oscarTV" */ = {
			isa = XCConfigurationList;
			buildConfigurations = (
				7382CF821BC89F0A00095B8A /* Debug */,
				7382CF831BC89F0A00095B8A /* Release */,
			);
			defaultConfigurationIsVisible = 0;
			defaultConfigurationName = Release;
		};
		73C17D801BC89FF200070598 /* Build configuration list for PBXNativeTarget "oscarTV_tvOS" */ = {
			isa = XCConfigurationList;
			buildConfigurations = (
				73C17D7E1BC89FF200070598 /* Debug */,
				73C17D7F1BC89FF200070598 /* Release */,
			);
			defaultConfigurationIsVisible = 0;
			defaultConfigurationName = Release;
		};
/* End XCConfigurationList section */
	};
	rootObject = 7382CF671BC89F0A00095B8A /* Project object */;
}
